// !$*UTF8*$!
{
	archiveVersion = 1;
	classes = {
	};
	objectVersion = 50;
	objects = {

/* Begin PBXBuildFile section */
		C008B607241F582700A4C1F2 /* AppDelegate.swift in Sources */ = {isa = PBXBuildFile; fileRef = C008B606241F582700A4C1F2 /* AppDelegate.swift */; };
		C008B609241F582700A4C1F2 /* SceneDelegate.swift in Sources */ = {isa = PBXBuildFile; fileRef = C008B608241F582700A4C1F2 /* SceneDelegate.swift */; };
		C008B60B241F582700A4C1F2 /* ViewController.swift in Sources */ = {isa = PBXBuildFile; fileRef = C008B60A241F582700A4C1F2 /* ViewController.swift */; };
		C008B60E241F582700A4C1F2 /* Main.storyboard in Resources */ = {isa = PBXBuildFile; fileRef = C008B60C241F582700A4C1F2 /* Main.storyboard */; };
		C008B610241F582A00A4C1F2 /* Assets.xcassets in Resources */ = {isa = PBXBuildFile; fileRef = C008B60F241F582A00A4C1F2 /* Assets.xcassets */; };
		C008B613241F582B00A4C1F2 /* LaunchScreen.storyboard in Resources */ = {isa = PBXBuildFile; fileRef = C008B611241F582B00A4C1F2 /* LaunchScreen.storyboard */; };
/* End PBXBuildFile section */

/* Begin PBXFileReference section */
		C008B603241F582700A4C1F2 /* 2020-03-20-MadLib-Ping-Zhao.app */ = {isa = PBXFileReference; explicitFileType = wrapper.application; includeInIndex = 0; path = "2020-03-20-MadLib-Ping-Zhao.app"; sourceTree = BUILT_PRODUCTS_DIR; };
		C008B606241F582700A4C1F2 /* AppDelegate.swift */ = {isa = PBXFileReference; lastKnownFileType = sourcecode.swift; path = AppDelegate.swift; sourceTree = "<group>"; };
		C008B608241F582700A4C1F2 /* SceneDelegate.swift */ = {isa = PBXFileReference; lastKnownFileType = sourcecode.swift; path = SceneDelegate.swift; sourceTree = "<group>"; };
		C008B60A241F582700A4C1F2 /* ViewController.swift */ = {isa = PBXFileReference; lastKnownFileType = sourcecode.swift; path = ViewController.swift; sourceTree = "<group>"; };
		C008B60D241F582700A4C1F2 /* Base */ = {isa = PBXFileReference; lastKnownFileType = file.storyboard; name = Base; path = Base.lproj/Main.storyboard; sourceTree = "<group>"; };
		C008B60F241F582A00A4C1F2 /* Assets.xcassets */ = {isa = PBXFileReference; lastKnownFileType = folder.assetcatalog; path = Assets.xcassets; sourceTree = "<group>"; };
		C008B612241F582B00A4C1F2 /* Base */ = {isa = PBXFileReference; lastKnownFileType = file.storyboard; name = Base; path = Base.lproj/LaunchScreen.storyboard; sourceTree = "<group>"; };
		C008B614241F582B00A4C1F2 /* Info.plist */ = {isa = PBXFileReference; lastKnownFileType = text.plist.xml; path = Info.plist; sourceTree = "<group>"; };
/* End PBXFileReference section */

/* Begin PBXFrameworksBuildPhase section */
		C008B600241F582700A4C1F2 /* Frameworks */ = {
			isa = PBXFrameworksBuildPhase;
			buildActionMask = 2147483647;
			files = (
			);
			runOnlyForDeploymentPostprocessing = 0;
		};
/* End PBXFrameworksBuildPhase section */

/* Begin PBXGroup section */
		C008B5FA241F582600A4C1F2 = {
			isa = PBXGroup;
			children = (
				C008B605241F582700A4C1F2 /* 2020-03-20-MadLib-Ping-Zhao */,
				C008B604241F582700A4C1F2 /* Products */,
			);
			sourceTree = "<group>";
		};
		C008B604241F582700A4C1F2 /* Products */ = {
			isa = PBXGroup;
			children = (
				C008B603241F582700A4C1F2 /* 2020-03-20-MadLib-Ping-Zhao.app */,
			);
			name = Products;
			sourceTree = "<group>";
		};
		C008B605241F582700A4C1F2 /* 2020-03-20-MadLib-Ping-Zhao */ = {
			isa = PBXGroup;
			children = (
				C008B606241F582700A4C1F2 /* AppDelegate.swift */,
				C008B608241F582700A4C1F2 /* SceneDelegate.swift */,
				C008B60A241F582700A4C1F2 /* ViewController.swift */,
				C008B60C241F582700A4C1F2 /* Main.storyboard */,
				C008B60F241F582A00A4C1F2 /* Assets.xcassets */,
				C008B611241F582B00A4C1F2 /* LaunchScreen.storyboard */,
				C008B614241F582B00A4C1F2 /* Info.plist */,
			);
			path = "2020-03-20-MadLib-Ping-Zhao";
			sourceTree = "<group>";
		};
/* End PBXGroup section */

/* Begin PBXNativeTarget section */
		C008B602241F582700A4C1F2 /* 2020-03-20-MadLib-Ping-Zhao */ = {
			isa = PBXNativeTarget;
			buildConfigurationList = C008B617241F582B00A4C1F2 /* Build configuration list for PBXNativeTarget "2020-03-20-MadLib-Ping-Zhao" */;
			buildPhases = (
				C008B5FF241F582700A4C1F2 /* Sources */,
				C008B600241F582700A4C1F2 /* Frameworks */,
				C008B601241F582700A4C1F2 /* Resources */,
			);
			buildRules = (
			);
			dependencies = (
			);
			name = "2020-03-20-MadLib-Ping-Zhao";
			productName = "2020-03-20-MadLib-Ping-Zhao";
			productReference = C008B603241F582700A4C1F2 /* 2020-03-20-MadLib-Ping-Zhao.app */;
			productType = "com.apple.product-type.application";
		};
/* End PBXNativeTarget section */

/* Begin PBXProject section */
		C008B5FB241F582600A4C1F2 /* Project object */ = {
			isa = PBXProject;
			attributes = {
				LastSwiftUpdateCheck = 1130;
				LastUpgradeCheck = 1130;
				ORGANIZATIONNAME = "Ping Zhao";
				TargetAttributes = {
					C008B602241F582700A4C1F2 = {
						CreatedOnToolsVersion = 11.3.1;
					};
				};
			};
			buildConfigurationList = C008B5FE241F582700A4C1F2 /* Build configuration list for PBXProject "2020-03-20-MadLib-Ping-Zhao" */;
			compatibilityVersion = "Xcode 9.3";
			developmentRegion = en;
			hasScannedForEncodings = 0;
			knownRegions = (
				en,
				Base,
			);
			mainGroup = C008B5FA241F582600A4C1F2;
			productRefGroup = C008B604241F582700A4C1F2 /* Products */;
			projectDirPath = "";
			projectRoot = "";
			targets = (
				C008B602241F582700A4C1F2 /* 2020-03-20-MadLib-Ping-Zhao */,
			);
		};
/* End PBXProject section */

/* Begin PBXResourcesBuildPhase section */
		C008B601241F582700A4C1F2 /* Resources */ = {
			isa = PBXResourcesBuildPhase;
			buildActionMask = 2147483647;
			files = (
				C008B613241F582B00A4C1F2 /* LaunchScreen.storyboard in Resources */,
				C008B610241F582A00A4C1F2 /* Assets.xcassets in Resources */,
				C008B60E241F582700A4C1F2 /* Main.storyboard in Resources */,
			);
			runOnlyForDeploymentPostprocessing = 0;
		};
/* End PBXResourcesBuildPhase section */

/* Begin PBXSourcesBuildPhase section */
		C008B5FF241F582700A4C1F2 /* Sources */ = {
			isa = PBXSourcesBuildPhase;
			buildActionMask = 2147483647;
			files = (
				C008B60B241F582700A4C1F2 /* ViewController.swift in Sources */,
				C008B607241F582700A4C1F2 /* AppDelegate.swift in Sources */,
				C008B609241F582700A4C1F2 /* SceneDelegate.swift in Sources */,
			);
			runOnlyForDeploymentPostprocessing = 0;
		};
/* End PBXSourcesBuildPhase section */

/* Begin PBXVariantGroup section */
		C008B60C241F582700A4C1F2 /* Main.storyboard */ = {
			isa = PBXVariantGroup;
			children = (
				C008B60D241F582700A4C1F2 /* Base */,
			);
			name = Main.storyboard;
			sourceTree = "<group>";
		};
		C008B611241F582B00A4C1F2 /* LaunchScreen.storyboard */ = {
			isa = PBXVariantGroup;
			children = (
				C008B612241F582B00A4C1F2 /* Base */,
			);
			name = LaunchScreen.storyboard;
			sourceTree = "<group>";
		};
/* End PBXVariantGroup section */

/* Begin XCBuildConfiguration section */
		C008B615241F582B00A4C1F2 /* Debug */ = {
			isa = XCBuildConfiguration;
			buildSettings = {
				ALWAYS_SEARCH_USER_PATHS = NO;
				CLANG_ANALYZER_NONNULL = YES;
				CLANG_ANALYZER_NUMBER_OBJECT_CONVERSION = YES_AGGRESSIVE;
				CLANG_CXX_LANGUAGE_STANDARD = "gnu++14";
				CLANG_CXX_LIBRARY = "libc++";
				CLANG_ENABLE_MODULES = YES;
				CLANG_ENABLE_OBJC_ARC = YES;
				CLANG_ENABLE_OBJC_WEAK = YES;
				CLANG_WARN_BLOCK_CAPTURE_AUTORELEASING = YES;
				CLANG_WARN_BOOL_CONVERSION = YES;
				CLANG_WARN_COMMA = YES;
				CLANG_WARN_CONSTANT_CONVERSION = YES;
				CLANG_WARN_DEPRECATED_OBJC_IMPLEMENTATIONS = YES;
				CLANG_WARN_DIRECT_OBJC_ISA_USAGE = YES_ERROR;
				CLANG_WARN_DOCUMENTATION_COMMENTS = YES;
				CLANG_WARN_EMPTY_BODY = YES;
				CLANG_WARN_ENUM_CONVERSION = YES;
				CLANG_WARN_INFINITE_RECURSION = YES;
				CLANG_WARN_INT_CONVERSION = YES;
				CLANG_WARN_NON_LITERAL_NULL_CONVERSION = YES;
				CLANG_WARN_OBJC_IMPLICIT_RETAIN_SELF = YES;
				CLANG_WARN_OBJC_LITERAL_CONVERSION = YES;
				CLANG_WARN_OBJC_ROOT_CLASS = YES_ERROR;
				CLANG_WARN_RANGE_LOOP_ANALYSIS = YES;
				CLANG_WARN_STRICT_PROTOTYPES = YES;
				CLANG_WARN_SUSPICIOUS_MOVE = YES;
				CLANG_WARN_UNGUARDED_AVAILABILITY = YES_AGGRESSIVE;
				CLANG_WARN_UNREACHABLE_CODE = YES;
				CLANG_WARN__DUPLICATE_METHOD_MATCH = YES;
				COPY_PHASE_STRIP = NO;
				DEBUG_INFORMATION_FORMAT = dwarf;
				ENABLE_STRICT_OBJC_MSGSEND = YES;
				ENABLE_TESTABILITY = YES;
				GCC_C_LANGUAGE_STANDARD = gnu11;
				GCC_DYNAMIC_NO_PIC = NO;
				GCC_NO_COMMON_BLOCKS = YES;
				GCC_OPTIMIZATION_LEVEL = 0;
				GCC_PREPROCESSOR_DEFINITIONS = (
					"DEBUG=1",
					"$(inherited)",
				);
				GCC_WARN_64_TO_32_BIT_CONVERSION = YES;
				GCC_WARN_ABOUT_RETURN_TYPE = YES_ERROR;
				GCC_WARN_UNDECLARED_SELECTOR = YES;
				GCC_WARN_UNINITIALIZED_AUTOS = YES_AGGRESSIVE;
				GCC_WARN_UNUSED_FUNCTION = YES;
				GCC_WARN_UNUSED_VARIABLE = YES;
				IPHONEOS_DEPLOYMENT_TARGET = 13.2;
				MTL_ENABLE_DEBUG_INFO = INCLUDE_SOURCE;
				MTL_FAST_MATH = YES;
				ONLY_ACTIVE_ARCH = YES;
				SDKROOT = iphoneos;
				SWIFT_ACTIVE_COMPILATION_CONDITIONS = DEBUG;
				SWIFT_OPTIMIZATION_LEVEL = "-Onone";
			};
			name = Debug;
		};
		C008B616241F582B00A4C1F2 /* Release */ = {
			isa = XCBuildConfiguration;
			buildSettings = {
				ALWAYS_SEARCH_USER_PATHS = NO;
				CLANG_ANALYZER_NONNULL = YES;
				CLANG_ANALYZER_NUMBER_OBJECT_CONVERSION = YES_AGGRESSIVE;
				CLANG_CXX_LANGUAGE_STANDARD = "gnu++14";
				CLANG_CXX_LIBRARY = "libc++";
				CLANG_ENABLE_MODULES = YES;
				CLANG_ENABLE_OBJC_ARC = YES;
				CLANG_ENABLE_OBJC_WEAK = YES;
				CLANG_WARN_BLOCK_CAPTURE_AUTORELEASING = YES;
				CLANG_WARN_BOOL_CONVERSION = YES;
				CLANG_WARN_COMMA = YES;
				CLANG_WARN_CONSTANT_CONVERSION = YES;
				CLANG_WARN_DEPRECATED_OBJC_IMPLEMENTATIONS = YES;
				CLANG_WARN_DIRECT_OBJC_ISA_USAGE = YES_ERROR;
				CLANG_WARN_DOCUMENTATION_COMMENTS = YES;
				CLANG_WARN_EMPTY_BODY = YES;
				CLANG_WARN_ENUM_CONVERSION = YES;
				CLANG_WARN_INFINITE_RECURSION = YES;
				CLANG_WARN_INT_CONVERSION = YES;
				CLANG_WARN_NON_LITERAL_NULL_CONVERSION = YES;
				CLANG_WARN_OBJC_IMPLICIT_RETAIN_SELF = YES;
				CLANG_WARN_OBJC_LITERAL_CONVERSION = YES;
				CLANG_WARN_OBJC_ROOT_CLASS = YES_ERROR;
				CLANG_WARN_RANGE_LOOP_ANALYSIS = YES;
				CLANG_WARN_STRICT_PROTOTYPES = YES;
				CLANG_WARN_SUSPICIOUS_MOVE = YES;
				CLANG_WARN_UNGUARDED_AVAILABILITY = YES_AGGRESSIVE;
				CLANG_WARN_UNREACHABLE_CODE = YES;
				CLANG_WARN__DUPLICATE_METHOD_MATCH = YES;
				COPY_PHASE_STRIP = NO;
				DEBUG_INFORMATION_FORMAT = "dwarf-with-dsym";
				ENABLE_NS_ASSERTIONS = NO;
				ENABLE_STRICT_OBJC_MSGSEND = YES;
				GCC_C_LANGUAGE_STANDARD = gnu11;
				GCC_NO_COMMON_BLOCKS = YES;
				GCC_WARN_64_TO_32_BIT_CONVERSION = YES;
				GCC_WARN_ABOUT_RETURN_TYPE = YES_ERROR;
				GCC_WARN_UNDECLARED_SELECTOR = YES;
				GCC_WARN_UNINITIALIZED_AUTOS = YES_AGGRESSIVE;
				GCC_WARN_UNUSED_FUNCTION = YES;
				GCC_WARN_UNUSED_VARIABLE = YES;
				IPHONEOS_DEPLOYMENT_TARGET = 13.2;
				MTL_ENABLE_DEBUG_INFO = NO;
				MTL_FAST_MATH = YES;
				SDKROOT = iphoneos;
				SWIFT_COMPILATION_MODE = wholemodule;
				SWIFT_OPTIMIZATION_LEVEL = "-O";
				VALIDATE_PRODUCT = YES;
			};
			name = Release;
		};
		C008B618241F582B00A4C1F2 /* Debug */ = {
			isa = XCBuildConfiguration;
			buildSettings = {
				ASSETCATALOG_COMPILER_APPICON_NAME = AppIcon;
				CODE_SIGN_STYLE = Automatic;
				DEVELOPMENT_TEAM = S944N63434;
				INFOPLIST_FILE = "2020-03-20-MadLib-Ping-Zhao/Info.plist";
				LD_RUNPATH_SEARCH_PATHS = (
					"$(inherited)",
					"@executable_path/Frameworks",
				);
				PRODUCT_BUNDLE_IDENTIFIER = "SFSU.-020-03-20-MadLib-Ping-Zhao";
				PRODUCT_NAME = "$(TARGET_NAME)";
				SWIFT_VERSION = 5.0;
				TARGETED_DEVICE_FAMILY = "1,2";
			};
			name = Debug;
		};
		C008B619241F582B00A4C1F2 /* Release */ = {
			isa = XCBuildConfiguration;
			buildSettings = {
				ASSETCATALOG_COMPILER_APPICON_NAME = AppIcon;
				CODE_SIGN_STYLE = Automatic;
				DEVELOPMENT_TEAM = S944N63434;
				INFOPLIST_FILE = "2020-03-20-MadLib-Ping-Zhao/Info.plist";
				LD_RUNPATH_SEARCH_PATHS = (
					"$(inherited)",
					"@executable_path/Frameworks",
				);
				PRODUCT_BUNDLE_IDENTIFIER = "SFSU.-020-03-20-MadLib-Ping-Zhao";
				PRODUCT_NAME = "$(TARGET_NAME)";
				SWIFT_VERSION = 5.0;
				TARGETED_DEVICE_FAMILY = "1,2";
			};
			name = Release;
		};
/* End XCBuildConfiguration section */

/* Begin XCConfigurationList section */
		C008B5FE241F582700A4C1F2 /* Build configuration list for PBXProject "2020-03-20-MadLib-Ping-Zhao" */ = {
			isa = XCConfigurationList;
			buildConfigurations = (
				C008B615241F582B00A4C1F2 /* Debug */,
				C008B616241F582B00A4C1F2 /* Release */,
			);
			defaultConfigurationIsVisible = 0;
			defaultConfigurationName = Release;
		};
		C008B617241F582B00A4C1F2 /* Build configuration list for PBXNativeTarget "2020-03-20-MadLib-Ping-Zhao" */ = {
			isa = XCConfigurationList;
			buildConfigurations = (
				C008B618241F582B00A4C1F2 /* Debug */,
				C008B619241F582B00A4C1F2 /* Release */,
			);
			defaultConfigurationIsVisible = 0;
			defaultConfigurationName = Release;
		};
/* End XCConfigurationList section */
	};
	rootObject = C008B5FB241F582600A4C1F2 /* Project object */;
}
